{
  "nodes": {
    "deploy-rs": {
      "inputs": {
        "flake-compat": "flake-compat",
        "nixpkgs": "nixpkgs",
        "utils": "utils"
      },
      "locked": {
        "lastModified": 1698921442,
        "narHash": "sha256-7KmvhQ7FuXlT/wG4zjTssap6maVqeAMBdtel+VjClSM=",
        "owner": "serokell",
        "repo": "deploy-rs",
        "rev": "660180bbbeae7d60dad5a92b30858306945fd427",
        "type": "github"
      },
      "original": {
        "owner": "serokell",
        "repo": "deploy-rs",
        "type": "github"
      }
    },
    "flake-compat": {
      "flake": false,
      "locked": {
        "lastModified": 1668681692,
        "narHash": "sha256-Ht91NGdewz8IQLtWZ9LCeNXMSXHUss+9COoqu6JLmXU=",
        "owner": "edolstra",
        "repo": "flake-compat",
        "rev": "009399224d5e398d03b22badca40a37ac85412a1",
        "type": "github"
      },
      "original": {
        "owner": "edolstra",
        "repo": "flake-compat",
        "type": "github"
      }
    },
    "flake-utils": {
      "inputs": {
        "systems": "systems"
      },
      "locked": {
        "lastModified": 1694529238,
        "narHash": "sha256-zsNZZGTGnMOf9YpHKJqMSsa0dXbfmxeoJ7xHlrt+xmY=",
        "owner": "numtide",
        "repo": "flake-utils",
        "rev": "ff7b65b44d01cf9ba6a71320833626af21126384",
        "type": "github"
      },
      "original": {
        "owner": "numtide",
        "repo": "flake-utils",
        "type": "github"
      }
    },
    "helpers": {
      "inputs": {
        "nixpkgs": "nixpkgs_2"
      },
      "locked": {
        "lastModified": 1699382547,
        "narHash": "sha256-2eic/8NNO6G1fQsCpTm26ryUyk2bl6f08S9Zc/69iBI=",
        "ref": "refs/heads/main",
        "rev": "fde6300909a486731d1cbe14589f65c8f6262d7e",
        "revCount": 17,
        "type": "git",
        "url": "https://git.clicks.codes/Clicks/NixHelpers"
      },
      "original": {
        "type": "git",
        "url": "https://git.clicks.codes/Clicks/NixHelpers"
      }
    },
    "home-manager": {
      "inputs": {
        "nixpkgs": [
          "nixpkgs"
        ]
      },
      "locked": {
        "lastModified": 1695108154,
        "narHash": "sha256-gSg7UTVtls2yO9lKtP0yb66XBHT1Fx5qZSZbGMpSn2c=",
        "owner": "nix-community",
        "repo": "home-manager",
        "rev": "07682fff75d41f18327a871088d20af2710d4744",
        "type": "github"
      },
      "original": {
        "owner": "nix-community",
        "ref": "release-23.05",
        "repo": "home-manager",
        "type": "github"
      }
    },
    "nixpkgs": {
      "locked": {
        "lastModified": 1671417167,
        "narHash": "sha256-JkHam6WQOwZN1t2C2sbp1TqMv3TVRjzrdoejqfefwrM=",
        "owner": "NixOS",
        "repo": "nixpkgs",
        "rev": "bb31220cca6d044baa6dc2715b07497a2a7c4bc7",
        "type": "github"
      },
      "original": {
        "owner": "NixOS",
        "ref": "nixpkgs-unstable",
        "repo": "nixpkgs",
        "type": "github"
      }
    },
    "nixpkgs-clicksforms": {
      "locked": {
        "lastModified": 1685573264,
        "narHash": "sha256-Zffu01pONhs/pqH07cjlF10NnMDLok8ix5Uk4rhOnZQ=",
        "owner": "nixos",
        "repo": "nixpkgs",
        "rev": "380be19fbd2d9079f677978361792cb25e8a3635",
        "type": "github"
      },
      "original": {
        "owner": "nixos",
        "ref": "nixos-22.05",
        "repo": "nixpkgs",
        "type": "github"
      }
    },
    "nixpkgs-privatebin": {
      "locked": {
        "lastModified": 1694007184,
        "narHash": "sha256-RHg4SstzvEIJrWiegkP+ArRniW1ZMz9/TB56gIYMAkk=",
        "owner": "e1mo",
        "repo": "nixpkgs",
        "rev": "49b7af8f96e6d33deef36e46b171f56eb470e9bc",
        "type": "github"
      },
      "original": {
        "owner": "e1mo",
        "ref": "privatebin",
        "repo": "nixpkgs",
        "type": "github"
      }
    },
    "nixpkgs-stable": {
      "locked": {
        "lastModified": 1699110214,
        "narHash": "sha256-L2TU4RgtiqF69W8Gacg2jEkEYJrW+Kp0Mp4plwQh5b8=",
        "owner": "NixOS",
        "repo": "nixpkgs",
        "rev": "78f3a4ae19f0e99d5323dd2e3853916b8ee4afee",
        "type": "github"
      },
      "original": {
        "owner": "NixOS",
        "ref": "release-23.05",
        "repo": "nixpkgs",
        "type": "github"
      }
    },
    "nixpkgs_2": {
      "locked": {
        "lastModified": 1697688401,
        "narHash": "sha256-61QlajY7R9PbK25uFl55zh968CVNspwXX1zzimic4Uo=",
        "owner": "NixOS",
        "repo": "nixpkgs",
        "rev": "458ef9126aa380996d77d44f53f886c2d8485f53",
        "type": "github"
      },
      "original": {
        "id": "nixpkgs",
        "type": "indirect"
      }
    },
    "nixpkgs_3": {
      "locked": {
        "lastModified": 1699291058,
        "narHash": "sha256-5ggduoaAMPHUy4riL+OrlAZE14Kh7JWX4oLEs22ZqfU=",
        "owner": "nixos",
        "repo": "nixpkgs",
        "rev": "41de143fda10e33be0f47eab2bfe08a50f234267",
        "type": "github"
      },
      "original": {
        "owner": "nixos",
        "ref": "nixos-23.05",
        "repo": "nixpkgs",
        "type": "github"
      }
    },
    "root": {
      "inputs": {
        "deploy-rs": "deploy-rs",
        "flake-utils": "flake-utils",
        "helpers": "helpers",
        "home-manager": "home-manager",
        "nixpkgs": "nixpkgs_3",
        "nixpkgs-clicksforms": "nixpkgs-clicksforms",
        "nixpkgs-privatebin": "nixpkgs-privatebin",
        "scalpel": "scalpel",
        "sops-nix": "sops-nix"
      }
    },
    "scalpel": {
      "inputs": {
        "nixpkgs": [
          "nixpkgs"
        ],
        "sops-nix": [
          "sops-nix"
        ]
      },
      "locked": {
        "lastModified": 1655566736,
        "narHash": "sha256-Vyolf8j7QcAHyVTQMqS8EGYZ/P6leJtiVNhYyIxoMRw=",
        "owner": "polygon",
        "repo": "scalpel",
        "rev": "16c2103d613bb1c7adc6dbf2a17c2980ce08567f",
        "type": "github"
      },
      "original": {
        "owner": "polygon",
        "repo": "scalpel",
        "type": "github"
      }
    },
    "sops-nix": {
      "inputs": {
        "nixpkgs": [
          "nixpkgs"
        ],
        "nixpkgs-stable": "nixpkgs-stable"
      },
      "locked": {
        "lastModified": 1699311858,
        "narHash": "sha256-W/sQrghPAn5J9d+9kMnHqi4NPVWVpy0V/qzQeZfS/dM=",
        "owner": "Mic92",
        "repo": "sops-nix",
        "rev": "664187539871f63857bda2d498f452792457b998",
        "type": "github"
      },
      "original": {
        "owner": "Mic92",
        "repo": "sops-nix",
        "type": "github"
      }
    },
    "systems": {
      "locked": {
        "lastModified": 1681028828,
        "narHash": "sha256-Vy1rq5AaRuLzOxct8nz4T6wlgyUR7zLU309k9mBC768=",
        "owner": "nix-systems",
        "repo": "default",
        "rev": "da67096a3b9bf56a91d16901293e51ba5b49a27e",
        "type": "github"
      },
      "original": {
        "owner": "nix-systems",
        "repo": "default",
        "type": "github"
      }
    },
    "utils": {
      "locked": {
        "lastModified": 1667395993,
        "narHash": "sha256-nuEHfE/LcWyuSWnS8t12N1wc105Qtau+/OdUAjtQ0rA=",
        "owner": "numtide",
        "repo": "flake-utils",
        "rev": "5aed5285a952e0b949eb3ba02c12fa4fcfef535f",
        "type": "github"
      },
      "original": {
        "owner": "numtide",
        "repo": "flake-utils",
        "type": "github"
      }
    }
  },
  "root": "root",
  "version": 7
}
